{
    "_meta": {
        "hash": {
            "sha256": "7aa255905f67369a8ff7a7d767e6a02efbeb5a08ebda4d5dfb274398a55a541a"
        },
        "pipfile-spec": 6,
        "requires": {
            "python_version": "3.6"
        },
        "sources": [
            {
                "name": "pypi",
                "url": "https://pypi.org/simple",
                "verify_ssl": true
            }
        ]
    },
    "default": {
        "imapclient": {
            "hashes": [
                "sha256:c35b57a4bb4a93ebfec84676000364ff2b0f049abffd934a0472fa14dc20c6e2",
                "sha256:de02cedbb5de2f061907fcbfb1a85a1f6ebfb8b5fa523bc003670fb02222e579"
            ],
            "index": "pypi",
            "version": "==2.0.0"
        },
        "pyzmail36": {
            "hashes": [
                "sha256:4ac22b663a2525422b15de7f1ca5e60983e1adb647debd14ae955963d4d6b098"
            ],
            "index": "pypi",
            "version": "==1.0.3"
        },
        "six": {
            "hashes": [
                "sha256:70e8a77beed4562e7f14fe23a786b54f6296e34344c23bc42f07b15018ff98e9",
                "sha256:832dc0e10feb1aa2c68dcc57dbb658f1c7e65b9b61af69048abc87a2db00a0eb"
            ],
            "version": "==1.11.0"
        }
    },
    "develop": {}
}
